# THIS IS AN AUTOGENERATED FILE. DO NOT EDIT THIS FILE DIRECTLY.
# yarn lockfile v1


ejs@^2.5.5:
  version "2.7.4"
  resolved "https://registry.npmjs.org/ejs/-/ejs-2.7.4.tgz#48661287573dcc53e366c7a1ae52c3a120eec9ba"
  integrity sha512-7vmuyh5+kuUyJKePhQfRQBhXV5Ce+RnaeeQArKu1EAMpL3WbgMt5WG6uQZpEVvYSSsxMXRKOewtDk9RaTKXRlA==

marked@^0.3.6:
  version "0.3.19"
  resolved "https://registry.npmjs.org/marked/-/marked-0.3.19.tgz#5d47f709c4c9fc3c216b6d46127280f40b39d790"
  integrity sha512-ea2eGWOqNxPcXv8dyERdSr/6FmzvWwzjMxpfGB/sbMccXoct+xY+YukPD+QTUZwyvK7BZwcr4m21WBOW41pAkg==
